// !$*UTF8*$!
{
	archiveVersion = 1;
	classes = {
	};
	objectVersion = 46;
	objects = {

/* Begin PBXBuildFile section */
		C40ACE791A339BFF001F1408 /* MetronomeModel.swift in Sources */ = {isa = PBXBuildFile; fileRef = C40ACE781A339BFF001F1408 /* MetronomeModel.swift */; };
		C40ACE7C1A33A1FE001F1408 /* MetronomeViewController.swift in Sources */ = {isa = PBXBuildFile; fileRef = C40ACE7B1A33A1FE001F1408 /* MetronomeViewController.swift */; };
		C4C4B5131A394D97009D6BA7 /* hihat.mp3 in Resources */ = {isa = PBXBuildFile; fileRef = C4C4B5121A394D97009D6BA7 /* hihat.mp3 */; };
		C4C4B5151A395A1C009D6BA7 /* kick.wav in Resources */ = {isa = PBXBuildFile; fileRef = C4C4B5141A395A1C009D6BA7 /* kick.wav */; };
		C4C4B5191A395CDA009D6BA7 /* sticks.wav in Resources */ = {isa = PBXBuildFile; fileRef = C4C4B5161A395CDA009D6BA7 /* sticks.wav */; };
		C4C4B51A1A395CDA009D6BA7 /* tom.wav in Resources */ = {isa = PBXBuildFile; fileRef = C4C4B5171A395CDA009D6BA7 /* tom.wav */; };
		C4C4B51B1A395CDA009D6BA7 /* snare.wav in Resources */ = {isa = PBXBuildFile; fileRef = C4C4B5181A395CDA009D6BA7 /* snare.wav */; };
		C4D3357A1A34AB0300E0C5A3 /* MetronomeDelegate.swift in Sources */ = {isa = PBXBuildFile; fileRef = C4D335791A34AB0300E0C5A3 /* MetronomeDelegate.swift */; };
		C4D335811A35456600E0C5A3 /* tick.mp3 in Resources */ = {isa = PBXBuildFile; fileRef = C4D335801A35456600E0C5A3 /* tick.mp3 */; };
		C4D335881A35637700E0C5A3 /* led-off-15.png in Resources */ = {isa = PBXBuildFile; fileRef = C4D335861A35637700E0C5A3 /* led-off-15.png */; };
		C4D335891A35637700E0C5A3 /* led-on-15.png in Resources */ = {isa = PBXBuildFile; fileRef = C4D335871A35637700E0C5A3 /* led-on-15.png */; };
		C4D3358B1A35E1CF00E0C5A3 /* DrumMachineButton.swift in Sources */ = {isa = PBXBuildFile; fileRef = C4D3358A1A35E1CF00E0C5A3 /* DrumMachineButton.swift */; };
		C4D3358D1A35E32100E0C5A3 /* DrumMachineController.swift in Sources */ = {isa = PBXBuildFile; fileRef = C4D3358C1A35E32100E0C5A3 /* DrumMachineController.swift */; };
		C4E9761D1A424A880036ABDF /* MetronomeBackground.swift in Sources */ = {isa = PBXBuildFile; fileRef = C4E9761C1A424A880036ABDF /* MetronomeBackground.swift */; };
		C4F42C2C1A27E21900D38EE3 /* AppDelegate.swift in Sources */ = {isa = PBXBuildFile; fileRef = C4F42C2B1A27E21900D38EE3 /* AppDelegate.swift */; };
		C4F42C311A27E21900D38EE3 /* Main.storyboard in Resources */ = {isa = PBXBuildFile; fileRef = C4F42C2F1A27E21900D38EE3 /* Main.storyboard */; };
		C4F42C331A27E21900D38EE3 /* Images.xcassets in Resources */ = {isa = PBXBuildFile; fileRef = C4F42C321A27E21900D38EE3 /* Images.xcassets */; };
		C4F42C361A27E21900D38EE3 /* LaunchScreen.xib in Resources */ = {isa = PBXBuildFile; fileRef = C4F42C341A27E21900D38EE3 /* LaunchScreen.xib */; };
		C4F42C421A27E21900D38EE3 /* Drum_MachineTests.swift in Sources */ = {isa = PBXBuildFile; fileRef = C4F42C411A27E21900D38EE3 /* Drum_MachineTests.swift */; };
		C4F42C601A27EB3C00D38EE3 /* about.png in Resources */ = {isa = PBXBuildFile; fileRef = C4F42C5D1A27EB3C00D38EE3 /* about.png */; };
		C4F42C621A27EB3C00D38EE3 /* metronome.png in Resources */ = {isa = PBXBuildFile; fileRef = C4F42C5F1A27EB3C00D38EE3 /* metronome.png */; };
		C4F42C661A27EE3400D38EE3 /* drum.png in Resources */ = {isa = PBXBuildFile; fileRef = C4F42C651A27EE3400D38EE3 /* drum.png */; };
		C4F42C6A1A27FB0200D38EE3 /* grand-prize-kit.png in Resources */ = {isa = PBXBuildFile; fileRef = C4F42C691A27FB0200D38EE3 /* grand-prize-kit.png */; };
		C4F8BF631A37F66E00771C8D /* DrumMachineModel.swift in Sources */ = {isa = PBXBuildFile; fileRef = C4F8BF621A37F66E00771C8D /* DrumMachineModel.swift */; };
		C4F8BF651A3800BA00771C8D /* DrumMachineDelegate.swift in Sources */ = {isa = PBXBuildFile; fileRef = C4F8BF641A3800BA00771C8D /* DrumMachineDelegate.swift */; };
/* End PBXBuildFile section */

/* Begin PBXContainerItemProxy section */
		C4F42C3C1A27E21900D38EE3 /* PBXContainerItemProxy */ = {
			isa = PBXContainerItemProxy;
			containerPortal = C4F42C1E1A27E21800D38EE3 /* Project object */;
			proxyType = 1;
			remoteGlobalIDString = C4F42C251A27E21800D38EE3;
			remoteInfo = "Drum Machine";
		};
/* End PBXContainerItemProxy section */

/* Begin PBXFileReference section */
		C40ACE781A339BFF001F1408 /* MetronomeModel.swift */ = {isa = PBXFileReference; fileEncoding = 4; lastKnownFileType = sourcecode.swift; path = MetronomeModel.swift; sourceTree = "<group>"; };
		C40ACE7B1A33A1FE001F1408 /* MetronomeViewController.swift */ = {isa = PBXFileReference; fileEncoding = 4; lastKnownFileType = sourcecode.swift; path = MetronomeViewController.swift; sourceTree = "<group>"; };
		C4C4B5121A394D97009D6BA7 /* hihat.mp3 */ = {isa = PBXFileReference; lastKnownFileType = audio.mp3; path = hihat.mp3; sourceTree = "<group>"; };
		C4C4B5141A395A1C009D6BA7 /* kick.wav */ = {isa = PBXFileReference; lastKnownFileType = audio.wav; path = kick.wav; sourceTree = "<group>"; };
		C4C4B5161A395CDA009D6BA7 /* sticks.wav */ = {isa = PBXFileReference; lastKnownFileType = audio.wav; path = sticks.wav; sourceTree = "<group>"; };
		C4C4B5171A395CDA009D6BA7 /* tom.wav */ = {isa = PBXFileReference; lastKnownFileType = audio.wav; path = tom.wav; sourceTree = "<group>"; };
		C4C4B5181A395CDA009D6BA7 /* snare.wav */ = {isa = PBXFileReference; lastKnownFileType = audio.wav; path = snare.wav; sourceTree = "<group>"; };
		C4D335791A34AB0300E0C5A3 /* MetronomeDelegate.swift */ = {isa = PBXFileReference; fileEncoding = 4; lastKnownFileType = sourcecode.swift; path = MetronomeDelegate.swift; sourceTree = "<group>"; };
		C4D335801A35456600E0C5A3 /* tick.mp3 */ = {isa = PBXFileReference; lastKnownFileType = audio.mp3; path = tick.mp3; sourceTree = "<group>"; };
		C4D335861A35637700E0C5A3 /* led-off-15.png */ = {isa = PBXFileReference; lastKnownFileType = image.png; path = "led-off-15.png"; sourceTree = "<group>"; };
		C4D335871A35637700E0C5A3 /* led-on-15.png */ = {isa = PBXFileReference; lastKnownFileType = image.png; path = "led-on-15.png"; sourceTree = "<group>"; };
		C4D3358A1A35E1CF00E0C5A3 /* DrumMachineButton.swift */ = {isa = PBXFileReference; fileEncoding = 4; lastKnownFileType = sourcecode.swift; path = DrumMachineButton.swift; sourceTree = "<group>"; };
		C4D3358C1A35E32100E0C5A3 /* DrumMachineController.swift */ = {isa = PBXFileReference; fileEncoding = 4; lastKnownFileType = sourcecode.swift; path = DrumMachineController.swift; sourceTree = "<group>"; };
		C4E9761C1A424A880036ABDF /* MetronomeBackground.swift */ = {isa = PBXFileReference; fileEncoding = 4; lastKnownFileType = sourcecode.swift; path = MetronomeBackground.swift; sourceTree = "<group>"; };
		C4F42C261A27E21800D38EE3 /* Drum Machine.app */ = {isa = PBXFileReference; explicitFileType = wrapper.application; includeInIndex = 0; path = "Drum Machine.app"; sourceTree = BUILT_PRODUCTS_DIR; };
		C4F42C2A1A27E21900D38EE3 /* Info.plist */ = {isa = PBXFileReference; lastKnownFileType = text.plist.xml; path = Info.plist; sourceTree = "<group>"; };
		C4F42C2B1A27E21900D38EE3 /* AppDelegate.swift */ = {isa = PBXFileReference; lastKnownFileType = sourcecode.swift; path = AppDelegate.swift; sourceTree = "<group>"; };
		C4F42C301A27E21900D38EE3 /* Base */ = {isa = PBXFileReference; lastKnownFileType = file.storyboard; name = Base; path = Base.lproj/Main.storyboard; sourceTree = "<group>"; };
		C4F42C321A27E21900D38EE3 /* Images.xcassets */ = {isa = PBXFileReference; lastKnownFileType = folder.assetcatalog; path = Images.xcassets; sourceTree = "<group>"; };
		C4F42C351A27E21900D38EE3 /* Base */ = {isa = PBXFileReference; lastKnownFileType = file.xib; name = Base; path = Base.lproj/LaunchScreen.xib; sourceTree = "<group>"; };
		C4F42C3B1A27E21900D38EE3 /* Drum MachineTests.xctest */ = {isa = PBXFileReference; explicitFileType = wrapper.cfbundle; includeInIndex = 0; path = "Drum MachineTests.xctest"; sourceTree = BUILT_PRODUCTS_DIR; };
		C4F42C401A27E21900D38EE3 /* Info.plist */ = {isa = PBXFileReference; lastKnownFileType = text.plist.xml; path = Info.plist; sourceTree = "<group>"; };
		C4F42C411A27E21900D38EE3 /* Drum_MachineTests.swift */ = {isa = PBXFileReference; lastKnownFileType = sourcecode.swift; path = Drum_MachineTests.swift; sourceTree = "<group>"; };
		C4F42C5D1A27EB3C00D38EE3 /* about.png */ = {isa = PBXFileReference; lastKnownFileType = image.png; path = about.png; sourceTree = "<group>"; };
		C4F42C5F1A27EB3C00D38EE3 /* metronome.png */ = {isa = PBXFileReference; lastKnownFileType = image.png; path = metronome.png; sourceTree = "<group>"; };
		C4F42C651A27EE3400D38EE3 /* drum.png */ = {isa = PBXFileReference; lastKnownFileType = image.png; path = drum.png; sourceTree = "<group>"; };
		C4F42C691A27FB0200D38EE3 /* grand-prize-kit.png */ = {isa = PBXFileReference; lastKnownFileType = image.png; path = "grand-prize-kit.png"; sourceTree = "<group>"; };
		C4F8BF621A37F66E00771C8D /* DrumMachineModel.swift */ = {isa = PBXFileReference; fileEncoding = 4; lastKnownFileType = sourcecode.swift; path = DrumMachineModel.swift; sourceTree = "<group>"; };
		C4F8BF641A3800BA00771C8D /* DrumMachineDelegate.swift */ = {isa = PBXFileReference; fileEncoding = 4; lastKnownFileType = sourcecode.swift; path = DrumMachineDelegate.swift; sourceTree = "<group>"; };
/* End PBXFileReference section */

/* Begin PBXFrameworksBuildPhase section */
		C4F42C231A27E21800D38EE3 /* Frameworks */ = {
			isa = PBXFrameworksBuildPhase;
			buildActionMask = 2147483647;
			files = (
			);
			runOnlyForDeploymentPostprocessing = 0;
		};
		C4F42C381A27E21900D38EE3 /* Frameworks */ = {
			isa = PBXFrameworksBuildPhase;
			buildActionMask = 2147483647;
			files = (
			);
			runOnlyForDeploymentPostprocessing = 0;
		};
/* End PBXFrameworksBuildPhase section */

/* Begin PBXGroup section */
		C40ACE751A3394E4001F1408 /* Models */ = {
			isa = PBXGroup;
			children = (
				C40ACE781A339BFF001F1408 /* MetronomeModel.swift */,
				C4F8BF621A37F66E00771C8D /* DrumMachineModel.swift */,
			);
			name = Models;
			sourceTree = "<group>";
		};
		C40ACE7A1A33A1DE001F1408 /* Controllers */ = {
			isa = PBXGroup;
			children = (
				C40ACE7B1A33A1FE001F1408 /* MetronomeViewController.swift */,
				C4D3358C1A35E32100E0C5A3 /* DrumMachineController.swift */,
			);
			name = Controllers;
			sourceTree = "<group>";
		};
		C4D335781A34AAE700E0C5A3 /* Delegates */ = {
			isa = PBXGroup;
			children = (
				C4D335791A34AB0300E0C5A3 /* MetronomeDelegate.swift */,
				C4F8BF641A3800BA00771C8D /* DrumMachineDelegate.swift */,
			);
			name = Delegates;
			sourceTree = "<group>";
		};
		C4D3357B1A34B23400E0C5A3 /* Sounds */ = {
			isa = PBXGroup;
			children = (
				C4C4B5161A395CDA009D6BA7 /* sticks.wav */,
				C4C4B5171A395CDA009D6BA7 /* tom.wav */,
				C4C4B5181A395CDA009D6BA7 /* snare.wav */,
				C4C4B5141A395A1C009D6BA7 /* kick.wav */,
				C4C4B5121A394D97009D6BA7 /* hihat.mp3 */,
				C4D335801A35456600E0C5A3 /* tick.mp3 */,
			);
			name = Sounds;
			sourceTree = "<group>";
		};
		C4E976191A4247400036ABDF /* Graphics */ = {
			isa = PBXGroup;
			children = (
				C4D3358A1A35E1CF00E0C5A3 /* DrumMachineButton.swift */,
				C4E9761C1A424A880036ABDF /* MetronomeBackground.swift */,
			);
			name = Graphics;
			sourceTree = "<group>";
		};
		C4F42C1D1A27E21800D38EE3 = {
			isa = PBXGroup;
			children = (
				C4F42C281A27E21800D38EE3 /* Drum Machine */,
				C4F42C3E1A27E21900D38EE3 /* Drum MachineTests */,
				C4F42C271A27E21800D38EE3 /* Products */,
			);
			sourceTree = "<group>";
		};
		C4F42C271A27E21800D38EE3 /* Products */ = {
			isa = PBXGroup;
			children = (
				C4F42C261A27E21800D38EE3 /* Drum Machine.app */,
				C4F42C3B1A27E21900D38EE3 /* Drum MachineTests.xctest */,
			);
			name = Products;
			sourceTree = "<group>";
		};
		C4F42C281A27E21800D38EE3 /* Drum Machine */ = {
			isa = PBXGroup;
			children = (
				C4E976191A4247400036ABDF /* Graphics */,
				C4D3357B1A34B23400E0C5A3 /* Sounds */,
				C4D335781A34AAE700E0C5A3 /* Delegates */,
				C40ACE7A1A33A1DE001F1408 /* Controllers */,
				C40ACE751A3394E4001F1408 /* Models */,
				C4F42C521A27E69500D38EE3 /* Storyboards */,
				C4F42C4B1A27E64000D38EE3 /* Images */,
				C4F42C291A27E21800D38EE3 /* Supporting Files */,
			);
			path = "Drum Machine";
			sourceTree = "<group>";
		};
		C4F42C291A27E21800D38EE3 /* Supporting Files */ = {
			isa = PBXGroup;
			children = (
				C4F42C321A27E21900D38EE3 /* Images.xcassets */,
				C4F42C2B1A27E21900D38EE3 /* AppDelegate.swift */,
				C4F42C2A1A27E21900D38EE3 /* Info.plist */,
			);
			name = "Supporting Files";
			sourceTree = "<group>";
		};
		C4F42C3E1A27E21900D38EE3 /* Drum MachineTests */ = {
			isa = PBXGroup;
			children = (
				C4F42C411A27E21900D38EE3 /* Drum_MachineTests.swift */,
				C4F42C3F1A27E21900D38EE3 /* Supporting Files */,
			);
			path = "Drum MachineTests";
			sourceTree = "<group>";
		};
		C4F42C3F1A27E21900D38EE3 /* Supporting Files */ = {
			isa = PBXGroup;
			children = (
				C4F42C401A27E21900D38EE3 /* Info.plist */,
			);
			name = "Supporting Files";
			sourceTree = "<group>";
		};
		C4F42C4B1A27E64000D38EE3 /* Images */ = {
			isa = PBXGroup;
			children = (
				C4D335861A35637700E0C5A3 /* led-off-15.png */,
				C4D335871A35637700E0C5A3 /* led-on-15.png */,
				C4F42C691A27FB0200D38EE3 /* grand-prize-kit.png */,
				C4F42C651A27EE3400D38EE3 /* drum.png */,
				C4F42C5D1A27EB3C00D38EE3 /* about.png */,
				C4F42C5F1A27EB3C00D38EE3 /* metronome.png */,
			);
			name = Images;
			sourceTree = "<group>";
		};
		C4F42C521A27E69500D38EE3 /* Storyboards */ = {
			isa = PBXGroup;
			children = (
				C4F42C2F1A27E21900D38EE3 /* Main.storyboard */,
				C4F42C341A27E21900D38EE3 /* LaunchScreen.xib */,
			);
			name = Storyboards;
			sourceTree = "<group>";
		};
/* End PBXGroup section */

/* Begin PBXNativeTarget section */
		C4F42C251A27E21800D38EE3 /* Drum Machine */ = {
			isa = PBXNativeTarget;
			buildConfigurationList = C4F42C451A27E21900D38EE3 /* Build configuration list for PBXNativeTarget "Drum Machine" */;
			buildPhases = (
				C4F42C221A27E21800D38EE3 /* Sources */,
				C4F42C231A27E21800D38EE3 /* Frameworks */,
				C4F42C241A27E21800D38EE3 /* Resources */,
			);
			buildRules = (
			);
			dependencies = (
			);
			name = "Drum Machine";
			productName = "Drum Machine";
			productReference = C4F42C261A27E21800D38EE3 /* Drum Machine.app */;
			productType = "com.apple.product-type.application";
		};
		C4F42C3A1A27E21900D38EE3 /* Drum MachineTests */ = {
			isa = PBXNativeTarget;
			buildConfigurationList = C4F42C481A27E21900D38EE3 /* Build configuration list for PBXNativeTarget "Drum MachineTests" */;
			buildPhases = (
				C4F42C371A27E21900D38EE3 /* Sources */,
				C4F42C381A27E21900D38EE3 /* Frameworks */,
				C4F42C391A27E21900D38EE3 /* Resources */,
			);
			buildRules = (
			);
			dependencies = (
				C4F42C3D1A27E21900D38EE3 /* PBXTargetDependency */,
			);
			name = "Drum MachineTests";
			productName = "Drum MachineTests";
			productReference = C4F42C3B1A27E21900D38EE3 /* Drum MachineTests.xctest */;
			productType = "com.apple.product-type.bundle.unit-test";
		};
/* End PBXNativeTarget section */

/* Begin PBXProject section */
		C4F42C1E1A27E21800D38EE3 /* Project object */ = {
			isa = PBXProject;
			attributes = {
				LastUpgradeCheck = 0610;
				ORGANIZATIONNAME = "Enterprise Holdings Inc.";
				TargetAttributes = {
					C4F42C251A27E21800D38EE3 = {
						CreatedOnToolsVersion = 6.1;
					};
					C4F42C3A1A27E21900D38EE3 = {
						CreatedOnToolsVersion = 6.1;
						TestTargetID = C4F42C251A27E21800D38EE3;
					};
				};
			};
			buildConfigurationList = C4F42C211A27E21800D38EE3 /* Build configuration list for PBXProject "Drum Machine" */;
			compatibilityVersion = "Xcode 3.2";
			developmentRegion = English;
			hasScannedForEncodings = 0;
			knownRegions = (
				en,
				Base,
			);
			mainGroup = C4F42C1D1A27E21800D38EE3;
			productRefGroup = C4F42C271A27E21800D38EE3 /* Products */;
			projectDirPath = "";
			projectRoot = "";
			targets = (
				C4F42C251A27E21800D38EE3 /* Drum Machine */,
				C4F42C3A1A27E21900D38EE3 /* Drum MachineTests */,
			);
		};
/* End PBXProject section */

/* Begin PBXResourcesBuildPhase section */
		C4F42C241A27E21800D38EE3 /* Resources */ = {
			isa = PBXResourcesBuildPhase;
			buildActionMask = 2147483647;
			files = (
				C4F42C6A1A27FB0200D38EE3 /* grand-prize-kit.png in Resources */,
				C4D335881A35637700E0C5A3 /* led-off-15.png in Resources */,
				C4D335891A35637700E0C5A3 /* led-on-15.png in Resources */,
				C4C4B51A1A395CDA009D6BA7 /* tom.wav in Resources */,
				C4D335811A35456600E0C5A3 /* tick.mp3 in Resources */,
				C4C4B51B1A395CDA009D6BA7 /* snare.wav in Resources */,
				C4C4B5131A394D97009D6BA7 /* hihat.mp3 in Resources */,
				C4F42C311A27E21900D38EE3 /* Main.storyboard in Resources */,
				C4F42C361A27E21900D38EE3 /* LaunchScreen.xib in Resources */,
				C4F42C331A27E21900D38EE3 /* Images.xcassets in Resources */,
				C4C4B5191A395CDA009D6BA7 /* sticks.wav in Resources */,
				C4F42C621A27EB3C00D38EE3 /* metronome.png in Resources */,
				C4C4B5151A395A1C009D6BA7 /* kick.wav in Resources */,
				C4F42C601A27EB3C00D38EE3 /* about.png in Resources */,
				C4F42C661A27EE3400D38EE3 /* drum.png in Resources */,
			);
			runOnlyForDeploymentPostprocessing = 0;
		};
		C4F42C391A27E21900D38EE3 /* Resources */ = {
			isa = PBXResourcesBuildPhase;
			buildActionMask = 2147483647;
			files = (
			);
			runOnlyForDeploymentPostprocessing = 0;
		};
/* End PBXResourcesBuildPhase section */

/* Begin PBXSourcesBuildPhase section */
		C4F42C221A27E21800D38EE3 /* Sources */ = {
			isa = PBXSourcesBuildPhase;
			buildActionMask = 2147483647;
			files = (
				C40ACE7C1A33A1FE001F1408 /* MetronomeViewController.swift in Sources */,
				C4D3358D1A35E32100E0C5A3 /* DrumMachineController.swift in Sources */,
				C40ACE791A339BFF001F1408 /* MetronomeModel.swift in Sources */,
				C4E9761D1A424A880036ABDF /* MetronomeBackground.swift in Sources */,
				C4D3358B1A35E1CF00E0C5A3 /* DrumMachineButton.swift in Sources */,
				C4F8BF651A3800BA00771C8D /* DrumMachineDelegate.swift in Sources */,
				C4F42C2C1A27E21900D38EE3 /* AppDelegate.swift in Sources */,
				C4F8BF631A37F66E00771C8D /* DrumMachineModel.swift in Sources */,
				C4D3357A1A34AB0300E0C5A3 /* MetronomeDelegate.swift in Sources */,
			);
			runOnlyForDeploymentPostprocessing = 0;
		};
		C4F42C371A27E21900D38EE3 /* Sources */ = {
			isa = PBXSourcesBuildPhase;
			buildActionMask = 2147483647;
			files = (
				C4F42C421A27E21900D38EE3 /* Drum_MachineTests.swift in Sources */,
			);
			runOnlyForDeploymentPostprocessing = 0;
		};
/* End PBXSourcesBuildPhase section */

/* Begin PBXTargetDependency section */
		C4F42C3D1A27E21900D38EE3 /* PBXTargetDependency */ = {
			isa = PBXTargetDependency;
			target = C4F42C251A27E21800D38EE3 /* Drum Machine */;
			targetProxy = C4F42C3C1A27E21900D38EE3 /* PBXContainerItemProxy */;
		};
/* End PBXTargetDependency section */

/* Begin PBXVariantGroup section */
		C4F42C2F1A27E21900D38EE3 /* Main.storyboard */ = {
			isa = PBXVariantGroup;
			children = (
				C4F42C301A27E21900D38EE3 /* Base */,
			);
			name = Main.storyboard;
			sourceTree = "<group>";
		};
		C4F42C341A27E21900D38EE3 /* LaunchScreen.xib */ = {
			isa = PBXVariantGroup;
			children = (
				C4F42C351A27E21900D38EE3 /* Base */,
			);
			name = LaunchScreen.xib;
			sourceTree = "<group>";
		};
/* End PBXVariantGroup section */

/* Begin XCBuildConfiguration section */
		C4F42C431A27E21900D38EE3 /* Debug */ = {
			isa = XCBuildConfiguration;
			buildSettings = {
				ALWAYS_SEARCH_USER_PATHS = NO;
				CLANG_CXX_LANGUAGE_STANDARD = "gnu++0x";
				CLANG_CXX_LIBRARY = "libc++";
				CLANG_ENABLE_MODULES = YES;
				CLANG_ENABLE_OBJC_ARC = YES;
				CLANG_WARN_BOOL_CONVERSION = YES;
				CLANG_WARN_CONSTANT_CONVERSION = YES;
				CLANG_WARN_DIRECT_OBJC_ISA_USAGE = YES_ERROR;
				CLANG_WARN_EMPTY_BODY = YES;
				CLANG_WARN_ENUM_CONVERSION = YES;
				CLANG_WARN_INT_CONVERSION = YES;
				CLANG_WARN_OBJC_ROOT_CLASS = YES_ERROR;
				CLANG_WARN_UNREACHABLE_CODE = YES;
				CLANG_WARN__DUPLICATE_METHOD_MATCH = YES;
				"CODE_SIGN_IDENTITY[sdk=iphoneos*]" = "iPhone Developer";
				COPY_PHASE_STRIP = NO;
				ENABLE_STRICT_OBJC_MSGSEND = YES;
				GCC_C_LANGUAGE_STANDARD = gnu99;
				GCC_DYNAMIC_NO_PIC = NO;
				GCC_OPTIMIZATION_LEVEL = 0;
				GCC_PREPROCESSOR_DEFINITIONS = (
					"DEBUG=1",
					"$(inherited)",
				);
				GCC_SYMBOLS_PRIVATE_EXTERN = NO;
				GCC_WARN_64_TO_32_BIT_CONVERSION = YES;
				GCC_WARN_ABOUT_RETURN_TYPE = YES_ERROR;
				GCC_WARN_UNDECLARED_SELECTOR = YES;
				GCC_WARN_UNINITIALIZED_AUTOS = YES_AGGRESSIVE;
				GCC_WARN_UNUSED_FUNCTION = YES;
				GCC_WARN_UNUSED_VARIABLE = YES;
				IPHONEOS_DEPLOYMENT_TARGET = 8.1;
				MTL_ENABLE_DEBUG_INFO = YES;
				ONLY_ACTIVE_ARCH = YES;
				SDKROOT = iphoneos;
				SWIFT_OPTIMIZATION_LEVEL = "-Onone";
			};
			name = Debug;
		};
		C4F42C441A27E21900D38EE3 /* Release */ = {
			isa = XCBuildConfiguration;
			buildSettings = {
				ALWAYS_SEARCH_USER_PATHS = NO;
				CLANG_CXX_LANGUAGE_STANDARD = "gnu++0x";
				CLANG_CXX_LIBRARY = "libc++";
				CLANG_ENABLE_MODULES = YES;
				CLANG_ENABLE_OBJC_ARC = YES;
				CLANG_WARN_BOOL_CONVERSION = YES;
				CLANG_WARN_CONSTANT_CONVERSION = YES;
				CLANG_WARN_DIRECT_OBJC_ISA_USAGE = YES_ERROR;
				CLANG_WARN_EMPTY_BODY = YES;
				CLANG_WARN_ENUM_CONVERSION = YES;
				CLANG_WARN_INT_CONVERSION = YES;
				CLANG_WARN_OBJC_ROOT_CLASS = YES_ERROR;
				CLANG_WARN_UNREACHABLE_CODE = YES;
				CLANG_WARN__DUPLICATE_METHOD_MATCH = YES;
				"CODE_SIGN_IDENTITY[sdk=iphoneos*]" = "iPhone Developer";
				COPY_PHASE_STRIP = YES;
				ENABLE_NS_ASSERTIONS = NO;
				ENABLE_STRICT_OBJC_MSGSEND = YES;
				GCC_C_LANGUAGE_STANDARD = gnu99;
				GCC_WARN_64_TO_32_BIT_CONVERSION = YES;
				GCC_WARN_ABOUT_RETURN_TYPE = YES_ERROR;
				GCC_WARN_UNDECLARED_SELECTOR = YES;
				GCC_WARN_UNINITIALIZED_AUTOS = YES_AGGRESSIVE;
				GCC_WARN_UNUSED_FUNCTION = YES;
				GCC_WARN_UNUSED_VARIABLE = YES;
				IPHONEOS_DEPLOYMENT_TARGET = 8.1;
				MTL_ENABLE_DEBUG_INFO = NO;
				SDKROOT = iphoneos;
				VALIDATE_PRODUCT = YES;
			};
			name = Release;
		};
		C4F42C461A27E21900D38EE3 /* Debug */ = {
			isa = XCBuildConfiguration;
			buildSettings = {
				ASSETCATALOG_COMPILER_APPICON_NAME = AppIcon;
				CODE_SIGN_IDENTITY = "iPhone Developer";
				INFOPLIST_FILE = "Drum Machine/Info.plist";
				LD_RUNPATH_SEARCH_PATHS = "$(inherited) @executable_path/Frameworks";
				PRODUCT_NAME = "$(TARGET_NAME)";
				TARGETED_DEVICE_FAMILY = 1;
			};
			name = Debug;
		};
		C4F42C471A27E21900D38EE3 /* Release */ = {
			isa = XCBuildConfiguration;
			buildSettings = {
				ASSETCATALOG_COMPILER_APPICON_NAME = AppIcon;
				CODE_SIGN_IDENTITY = "iPhone Developer";
				INFOPLIST_FILE = "Drum Machine/Info.plist";
				LD_RUNPATH_SEARCH_PATHS = "$(inherited) @executable_path/Frameworks";
				PRODUCT_NAME = "$(TARGET_NAME)";
				TARGETED_DEVICE_FAMILY = 1;
			};
			name = Release;
		};
		C4F42C491A27E21900D38EE3 /* Debug */ = {
			isa = XCBuildConfiguration;
			buildSettings = {
				BUNDLE_LOADER = "$(TEST_HOST)";
				FRAMEWORK_SEARCH_PATHS = (
					"$(SDKROOT)/Developer/Library/Frameworks",
					"$(inherited)",
				);
				GCC_PREPROCESSOR_DEFINITIONS = (
					"DEBUG=1",
					"$(inherited)",
				);
				INFOPLIST_FILE = "Drum MachineTests/Info.plist";
				LD_RUNPATH_SEARCH_PATHS = "$(inherited) @executable_path/Frameworks @loader_path/Frameworks";
				PRODUCT_NAME = "$(TARGET_NAME)";
				TEST_HOST = "$(BUILT_PRODUCTS_DIR)/Drum Machine.app/Drum Machine";
			};
			name = Debug;
		};
		C4F42C4A1A27E21900D38EE3 /* Release */ = {
			isa = XCBuildConfiguration;
			buildSettings = {
				BUNDLE_LOADER = "$(TEST_HOST)";
				FRAMEWORK_SEARCH_PATHS = (
					"$(SDKROOT)/Developer/Library/Frameworks",
					"$(inherited)",
				);
				INFOPLIST_FILE = "Drum MachineTests/Info.plist";
				LD_RUNPATH_SEARCH_PATHS = "$(inherited) @executable_path/Frameworks @loader_path/Frameworks";
				PRODUCT_NAME = "$(TARGET_NAME)";
				TEST_HOST = "$(BUILT_PRODUCTS_DIR)/Drum Machine.app/Drum Machine";
			};
			name = Release;
		};
/* End XCBuildConfiguration section */

/* Begin XCConfigurationList section */
		C4F42C211A27E21800D38EE3 /* Build configuration list for PBXProject "Drum Machine" */ = {
			isa = XCConfigurationList;
			buildConfigurations = (
				C4F42C431A27E21900D38EE3 /* Debug */,
				C4F42C441A27E21900D38EE3 /* Release */,
			);
			defaultConfigurationIsVisible = 0;
			defaultConfigurationName = Release;
		};
		C4F42C451A27E21900D38EE3 /* Build configuration list for PBXNativeTarget "Drum Machine" */ = {
			isa = XCConfigurationList;
			buildConfigurations = (
				C4F42C461A27E21900D38EE3 /* Debug */,
				C4F42C471A27E21900D38EE3 /* Release */,
			);
			defaultConfigurationIsVisible = 0;
			defaultConfigurationName = Release;
		};
		C4F42C481A27E21900D38EE3 /* Build configuration list for PBXNativeTarget "Drum MachineTests" */ = {
			isa = XCConfigurationList;
			buildConfigurations = (
				C4F42C491A27E21900D38EE3 /* Debug */,
				C4F42C4A1A27E21900D38EE3 /* Release */,
			);
			defaultConfigurationIsVisible = 0;
			defaultConfigurationName = Release;
		};
/* End XCConfigurationList section */
	};
	rootObject = C4F42C1E1A27E21800D38EE3 /* Project object */;
}
